version: 6
environments:
  default:
    channels:
    - url: https://conda.anaconda.org/conda-forge/
    - url: https://conda.anaconda.org/freecad/label/dev/
    packages:
      osx-arm64:
      - conda: https://conda.anaconda.org/conda-forge/osx-arm64/bzip2-1.0.8-h99b78c6_7.conda
      - conda: https://conda.anaconda.org/conda-forge/osx-arm64/c-ares-1.34.4-h5505292_0.conda
      - conda: https://conda.anaconda.org/conda-forge/osx-arm64/c-compiler-1.8.0-hf48404e_1.conda
      - conda: https://conda.anaconda.org/conda-forge/osx-arm64/ca-certificates-2024.12.14-hf0a4a13_0.conda
      - conda: https://conda.anaconda.org/conda-forge/osx-arm64/cctools-1010.6-hf67d63f_2.conda
      - conda: https://conda.anaconda.org/conda-forge/osx-arm64/cctools_osx-arm64-1010.6-h623e0ac_2.conda
      - conda: https://conda.anaconda.org/conda-forge/osx-arm64/clang-17-17.0.6-default_h146c034_7.conda
      - conda: https://conda.anaconda.org/conda-forge/osx-arm64/clang-17.0.6-default_h360f5da_7.conda
      - conda: https://conda.anaconda.org/conda-forge/osx-arm64/clang_impl_osx-arm64-17.0.6-he47c785_23.conda
      - conda: https://conda.anaconda.org/conda-forge/osx-arm64/clang_osx-arm64-17.0.6-h07b0088_23.conda
      - conda: https://conda.anaconda.org/conda-forge/osx-arm64/clangxx-17.0.6-default_h360f5da_7.conda
      - conda: https://conda.anaconda.org/conda-forge/osx-arm64/clangxx_impl_osx-arm64-17.0.6-h50f59cd_23.conda
      - conda: https://conda.anaconda.org/conda-forge/osx-arm64/clangxx_osx-arm64-17.0.6-h07b0088_23.conda
      - conda: https://conda.anaconda.org/conda-forge/osx-arm64/cmake-3.31.2-ha25475f_1.conda
      - conda: https://conda.anaconda.org/conda-forge/osx-arm64/compiler-rt-17.0.6-h856b3c1_2.conda
      - conda: https://conda.anaconda.org/conda-forge/noarch/compiler-rt_osx-arm64-17.0.6-h832e737_2.conda
      - conda: https://conda.anaconda.org/conda-forge/osx-arm64/compilers-1.8.0-hce30654_1.conda
      - conda: https://conda.anaconda.org/conda-forge/osx-arm64/cxx-compiler-1.8.0-h18dbf2f_1.conda
      - conda: https://conda.anaconda.org/conda-forge/osx-arm64/f2c-20210323183018-he4db4b2_1010.tar.bz2
      - conda: https://conda.anaconda.org/conda-forge/osx-arm64/fortran-compiler-1.8.0-hc3477c4_1.conda
      - conda: https://conda.anaconda.org/conda-forge/osx-arm64/gfortran-13.2.0-h1ca8e4b_1.conda
      - conda: https://conda.anaconda.org/conda-forge/osx-arm64/gfortran_impl_osx-arm64-13.2.0-h252ada1_3.conda
      - conda: https://conda.anaconda.org/conda-forge/osx-arm64/gfortran_osx-arm64-13.2.0-h57527a5_1.conda
      - conda: https://conda.anaconda.org/conda-forge/osx-arm64/gmp-6.3.0-h7bae524_2.conda
      - conda: https://conda.anaconda.org/conda-forge/osx-arm64/icu-75.1-hfee45f7_0.conda
      - conda: https://conda.anaconda.org/conda-forge/osx-arm64/isl-0.26-imath32_h347afa1_101.conda
      - conda: https://conda.anaconda.org/conda-forge/osx-arm64/krb5-1.21.3-h237132a_0.conda
      - conda: https://conda.anaconda.org/conda-forge/osx-arm64/ld64-951.9-h39a299f_2.conda
      - conda: https://conda.anaconda.org/conda-forge/osx-arm64/ld64_osx-arm64-951.9-h3f9b568_2.conda
      - conda: https://conda.anaconda.org/conda-forge/osx-arm64/libclang-cpp17-17.0.6-default_h146c034_7.conda
      - conda: https://conda.anaconda.org/conda-forge/osx-arm64/libcurl-8.11.1-h73640d1_0.conda
      - conda: https://conda.anaconda.org/conda-forge/osx-arm64/libcxx-19.1.6-ha82da77_1.conda
      - conda: https://conda.anaconda.org/conda-forge/osx-arm64/libcxx-devel-17.0.6-h86353a2_6.conda
      - conda: https://conda.anaconda.org/conda-forge/osx-arm64/libedit-3.1.20191231-hc8eb9b7_2.tar.bz2
      - conda: https://conda.anaconda.org/conda-forge/osx-arm64/libev-4.33-h93a5062_2.conda
      - conda: https://conda.anaconda.org/conda-forge/osx-arm64/libexpat-2.6.4-h286801f_0.conda
      - conda: https://conda.anaconda.org/conda-forge/osx-arm64/libgfortran-5.0.0-13_2_0_hd922786_3.conda
      - conda: https://conda.anaconda.org/conda-forge/noarch/libgfortran-devel_osx-arm64-13.2.0-h5d7a38c_3.conda
      - conda: https://conda.anaconda.org/conda-forge/osx-arm64/libgfortran5-13.2.0-hf226fd6_3.conda
      - conda: https://conda.anaconda.org/conda-forge/osx-arm64/libiconv-1.17-h0d3ecfb_2.conda
      - conda: https://conda.anaconda.org/conda-forge/osx-arm64/libllvm17-17.0.6-h5090b49_2.conda
      - conda: https://conda.anaconda.org/conda-forge/osx-arm64/liblzma-5.6.3-h39f12f2_1.conda
      - conda: https://conda.anaconda.org/conda-forge/osx-arm64/libnghttp2-1.64.0-h6d7220d_0.conda
      - conda: https://conda.anaconda.org/conda-forge/osx-arm64/libssh2-1.11.1-h9cc3647_0.conda
      - conda: https://conda.anaconda.org/conda-forge/osx-arm64/libuv-1.49.2-h7ab814d_0.conda
      - conda: https://conda.anaconda.org/conda-forge/osx-arm64/libxml2-2.13.5-h178c5d8_1.conda
      - conda: https://conda.anaconda.org/conda-forge/osx-arm64/libzlib-1.3.1-h8359307_2.conda
      - conda: https://conda.anaconda.org/conda-forge/osx-arm64/llvm-openmp-19.1.6-hdb05f8b_0.conda
      - conda: https://conda.anaconda.org/conda-forge/osx-arm64/llvm-tools-17.0.6-h5090b49_2.conda
      - conda: https://conda.anaconda.org/conda-forge/osx-arm64/mpc-1.3.1-h8f1351a_1.conda
      - conda: https://conda.anaconda.org/conda-forge/osx-arm64/mpfr-4.2.1-hb693164_3.conda
      - conda: https://conda.anaconda.org/conda-forge/osx-arm64/ncurses-6.5-h7bae524_1.conda
      - conda: https://conda.anaconda.org/conda-forge/osx-arm64/openssl-3.4.0-h81ee809_1.conda
      - conda: https://conda.anaconda.org/conda-forge/osx-arm64/rhash-1.4.5-h7ab814d_0.conda
      - conda: https://conda.anaconda.org/conda-forge/osx-arm64/sigtool-0.1.3-h44b9a77_0.tar.bz2
      - conda: https://conda.anaconda.org/conda-forge/osx-arm64/tapi-1300.6.5-h03f4b80_0.conda
      - conda: https://conda.anaconda.org/conda-forge/osx-arm64/zlib-1.3.1-h8359307_2.conda
      - conda: https://conda.anaconda.org/conda-forge/osx-arm64/zstd-1.5.6-hb46c0d2_0.conda
packages:
- conda: https://conda.anaconda.org/conda-forge/osx-arm64/bzip2-1.0.8-h99b78c6_7.conda
  sha256: adfa71f158cbd872a36394c56c3568e6034aa55c623634b37a4836bd036e6b91
  md5: fc6948412dbbbe9a4c9ddbbcfe0a79ab
  depends:
  - __osx >=11.0
  license: bzip2-1.0.6
  license_family: BSD
  size: 122909
  timestamp: 1720974522888
- conda: https://conda.anaconda.org/conda-forge/osx-arm64/c-ares-1.34.4-h5505292_0.conda
  sha256: 09c0c8476e50b2955f474a4a1c17c4c047dd52993b5366b6ea8e968e583b921f
  md5: c1c999a38a4303b29d75c636eaa13cf9
  depends:
  - __osx >=11.0
  license: MIT
  license_family: MIT
  size: 179496
  timestamp: 1734208291879
- conda: https://conda.anaconda.org/conda-forge/osx-arm64/c-compiler-1.8.0-hf48404e_1.conda
  sha256: 64245f90755c314f61d48b38fc7b82270b709f88204789895f7c4b2b84204992
  md5: 429476dcb80c4f9087cd8ac1fa2183d1
  depends:
  - cctools >=949.0.1
  - clang_osx-arm64 17.*
  - ld64 >=530
  - llvm-openmp
  license: BSD-3-Clause
  license_family: BSD
  size: 6220
  timestamp: 1728985386241
- conda: https://conda.anaconda.org/conda-forge/osx-arm64/ca-certificates-2024.12.14-hf0a4a13_0.conda
  sha256: 256be633fd0882ccc1a7a32bc278547e1703f85082c0789a87a603ee3ab8fb82
  md5: 7cb381a6783d91902638e4ed1ebd478e
  license: ISC
  size: 157091
  timestamp: 1734208344343
- conda: https://conda.anaconda.org/conda-forge/osx-arm64/cctools-1010.6-hf67d63f_2.conda
  sha256: 5cd748e93968df7a3575f5cd051fb387ca0b1753537374e8c9270d44315186d2
  md5: 409225e7241a0099a81ce5fc0f3576d8
  depends:
  - cctools_osx-arm64 1010.6 h623e0ac_2
  - ld64 951.9 h39a299f_2
  - libllvm17 >=17.0.6,<17.1.0a0
  license: APSL-2.0
  license_family: Other
  size: 21118
  timestamp: 1732552617055
- conda: https://conda.anaconda.org/conda-forge/osx-arm64/cctools_osx-arm64-1010.6-h623e0ac_2.conda
  sha256: 1293ba9599964813cd5b7de3ef5b2a34f8c728f04f030add1d2daaa770563651
  md5: c667893c4bda0bd15dea9ae36e943c94
  depends:
  - __osx >=11.0
  - ld64_osx-arm64 >=951.9,<951.10.0a0
  - libcxx
  - libllvm17 >=17.0.6,<17.1.0a0
  - libzlib >=1.3.1,<2.0a0
  - llvm-tools 17.0.*
  - sigtool
  constrains:
  - cctools 1010.6.*
  - ld64 951.9.*
  - clang 17.0.*
  license: APSL-2.0
  license_family: Other
  size: 1101877
  timestamp: 1732552573870
- conda: https://conda.anaconda.org/conda-forge/osx-arm64/clang-17.0.6-default_h360f5da_7.conda
  sha256: 3caeb933e74561c834074ef1617aa721c10e6b08c1fed9d5180c82a9ba18b5f2
  md5: c98bdbd4985530fac68ea4831d053ba1
  depends:
  - clang-17 17.0.6 default_h146c034_7
  license: Apache-2.0 WITH LLVM-exception
  license_family: Apache
  size: 24105
  timestamp: 1725505775351
- conda: https://conda.anaconda.org/conda-forge/osx-arm64/clang-17-17.0.6-default_h146c034_7.conda
  sha256: f9e40e5402ab78543553e7bc0437dfeed42d43f486395b66dd55ea0fd819b789
  md5: 585064b6856cb3e719343e3362ea828b
  depends:
  - __osx >=11.0
  - libclang-cpp17 17.0.6 default_h146c034_7
  - libcxx >=17.0.6
  - libllvm17 >=17.0.6,<17.1.0a0
  constrains:
  - clangxx 17.0.6
  - clang-tools 17.0.6
  - clangdev 17.0.6
  - llvm-tools 17.0.6
  license: Apache-2.0 WITH LLVM-exception
  license_family: Apache
  size: 715930
  timestamp: 1725505694198
- conda: https://conda.anaconda.org/conda-forge/osx-arm64/clang_impl_osx-arm64-17.0.6-he47c785_23.conda
  sha256: 7a5999645f66f12f8ff9f07ead73d3552f79fff09675487ec1f4f087569587e1
  md5: 519e4d9eb59dd0a1484e509dcc789217
  depends:
  - cctools_osx-arm64
  - clang 17.0.6.*
  - compiler-rt 17.0.6.*
  - ld64_osx-arm64
  - llvm-tools 17.0.6.*
  license: BSD-3-Clause
  license_family: BSD
  size: 17965
  timestamp: 1731984992637
- conda: https://conda.anaconda.org/conda-forge/osx-arm64/clang_osx-arm64-17.0.6-h07b0088_23.conda
  sha256: ccafb62b45d71f646f0ca925fc7342d093fe5ea17ceeb15b84f1c277fc716295
  md5: cf5bbfc8b558c41d2a4ba17f5cabb48c
  depends:
  - clang_impl_osx-arm64 17.0.6 he47c785_23
  license: BSD-3-Clause
  license_family: BSD
  size: 21177
  timestamp: 1731984996665
- conda: https://conda.anaconda.org/conda-forge/osx-arm64/clangxx-17.0.6-default_h360f5da_7.conda
  sha256: 73a87fe4a31494cdc5d74aacf9d08f560e4468795547f06290ee6a7bb128f61c
  md5: 0bb5cea65ab3457812707537603a3619
  depends:
  - clang 17.0.6 default_h360f5da_7
  - libcxx-devel 17.0.6.*
  license: Apache-2.0 WITH LLVM-exception
  license_family: Apache
  size: 24168
  timestamp: 1725505786435
- conda: https://conda.anaconda.org/conda-forge/osx-arm64/clangxx_impl_osx-arm64-17.0.6-h50f59cd_23.conda
  sha256: 7b975e2a1e141769ba4bc45792d145c68a72923465355d3f83ad60450529e01f
  md5: d086b99e198e21b3b29d2847cade1fce
  depends:
  - clang_osx-arm64 17.0.6 h07b0088_23
  - clangxx 17.0.6.*
  - libcxx >=17
  - libllvm17 >=17.0.6,<17.1.0a0
  license: BSD-3-Clause
  license_family: BSD
  size: 18005
  timestamp: 1731985015782
- conda: https://conda.anaconda.org/conda-forge/osx-arm64/clangxx_osx-arm64-17.0.6-h07b0088_23.conda
  sha256: 58c65adb2e03209ec1dcd926c3256a3a188d6cfa23a89b7fcaa6c9ff56a0f364
  md5: 743758f55670a6a9a0c93010cd497801
  depends:
  - clang_osx-arm64 17.0.6 h07b0088_23
  - clangxx_impl_osx-arm64 17.0.6 h50f59cd_23
  license: BSD-3-Clause
  license_family: BSD
  size: 19581
  timestamp: 1731985020343
- conda: https://conda.anaconda.org/conda-forge/osx-arm64/cmake-3.31.2-ha25475f_1.conda
  sha256: 535e0ceb26674aef424f4bc74a9da8eb81a39110d29d3eabaddf9b547c1c2a22
  md5: 5b4b4127740555ba2b5daa750426a3d8
  depends:
  - __osx >=11.0
  - bzip2 >=1.0.8,<2.0a0
  - libcurl >=8.10.1,<9.0a0
  - libcxx >=18
  - libexpat >=2.6.4,<3.0a0
  - liblzma >=5.6.3,<6.0a0
  - libuv >=1.49.2,<2.0a0
  - libzlib >=1.3.1,<2.0a0
  - ncurses >=6.5,<7.0a0
  - rhash >=1.4.5,<2.0a0
  - zstd >=1.5.6,<1.6.0a0
  license: BSD-3-Clause
  license_family: BSD
  size: 16526042
  timestamp: 1733931471108
- conda: https://conda.anaconda.org/conda-forge/osx-arm64/compiler-rt-17.0.6-h856b3c1_2.conda
  sha256: 91f4a6b80b7802432146a399944c20410e058dfb57ca6d738c0affb79cbdebbb
  md5: 2d00ff8e98c163de45a7c85774094012
  depends:
  - __osx >=11.0
  - clang 17.0.6.*
  - clangxx 17.0.6.*
  - compiler-rt_osx-arm64 17.0.6.*
  license: Apache-2.0 WITH LLVM-exception
  license_family: APACHE
  size: 94878
  timestamp: 1725251190741
- conda: https://conda.anaconda.org/conda-forge/noarch/compiler-rt_osx-arm64-17.0.6-h832e737_2.conda
  sha256: 74d63f7f91a9482262d80490fafd39275121f4cb273f293e7d9fe91934837666
  md5: 58fd1fa30d8b0795f33a7e79893b11cc
  depends:
  - clang 17.0.6.*
  - clangxx 17.0.6.*
  constrains:
  - compiler-rt 17.0.6
  license: Apache-2.0 WITH LLVM-exception
  license_family: APACHE
  size: 10369238
  timestamp: 1725251155195
- conda: https://conda.anaconda.org/conda-forge/osx-arm64/compilers-1.8.0-hce30654_1.conda
  sha256: ca2a8763312bfa2871dc168bab39887c053b11fd82914b23ccc21753dc786b2e
  md5: 2bd6c281de595804d359d21e0aa869eb
  depends:
  - c-compiler 1.8.0 hf48404e_1
  - cxx-compiler 1.8.0 h18dbf2f_1
  - fortran-compiler 1.8.0 hc3477c4_1
  license: BSD-3-Clause
  license_family: BSD
  size: 7041
  timestamp: 1728985419063
- conda: https://conda.anaconda.org/conda-forge/osx-arm64/cxx-compiler-1.8.0-h18dbf2f_1.conda
  sha256: bcadda695b13087920650adf43a599b66745dfb4bfc3b425169547d76082dcf2
  md5: a1bc5417ab20b451ee141ca3290df479
  depends:
  - c-compiler 1.8.0 hf48404e_1
  - clangxx_osx-arm64 17.*
  license: BSD-3-Clause
  license_family: BSD
  size: 6261
  timestamp: 1728985417226
- conda: https://conda.anaconda.org/conda-forge/osx-arm64/f2c-20210323183018-he4db4b2_1010.tar.bz2
  sha256: fe1ee4ff3ebb7b40702e50ce326dea96c38b510cbcde77dd6c5f64fe52fae5fd
  md5: b3f05abe7313d6de5338c9f0da2543fe
  arch: arm64
  platform: osx
  license: SMLNJ
  size: 255770
  timestamp: 1651442839678
- conda: https://conda.anaconda.org/conda-forge/osx-arm64/fortran-compiler-1.8.0-hc3477c4_1.conda
  sha256: 42c19f382855e406d017cc8dac2fc3a957a44c7700906de3fbb2a5c23730296e
  md5: 467c9db2314e049c2ca4d34f9aa87dca
  depends:
  - cctools >=949.0.1
  - gfortran
  - gfortran_osx-arm64 13.*
  - ld64 >=530
  - llvm-openmp
  license: BSD-3-Clause
  license_family: BSD
  size: 6288
  timestamp: 1728985414156
- conda: https://conda.anaconda.org/conda-forge/osx-arm64/gfortran-13.2.0-h1ca8e4b_1.conda
  sha256: 1232495ccd08cec4c80d475d584d1fc84365a1ef1b70e45bb0d9c317e9ec270e
  md5: 9eac94b5f64ba2d59ef2424cc44bebea
  depends:
  - cctools
  - gfortran_osx-arm64 13.2.0
  - ld64
  license: GPL-3.0-or-later WITH GCC-exception-3.1
  license_family: GPL
  size: 31973
  timestamp: 1694179448089
- conda: https://conda.anaconda.org/conda-forge/osx-arm64/gfortran_impl_osx-arm64-13.2.0-h252ada1_3.conda
  sha256: 1ba0d59650e2d54ebcfdd6d6e7ce6823241764183c34f082bc1313ec43b01c7a
  md5: 4a020e943a2888b242b312a8e953eb9a
  depends:
  - gmp >=6.3.0,<7.0a0
  - isl 0.26.*
  - libcxx >=16
  - libgfortran-devel_osx-arm64 13.2.0.*
  - libgfortran5 >=13.2.0
  - libiconv >=1.17,<2.0a0
  - libzlib >=1.2.13,<2.0.0a0
  - mpc >=1.3.1,<2.0a0
  - mpfr >=4.2.1,<5.0a0
  - zlib
  license: GPL-3.0-only WITH GCC-exception-3.1
  license_family: GPL
  size: 18431819
  timestamp: 1707330710124
- conda: https://conda.anaconda.org/conda-forge/osx-arm64/gfortran_osx-arm64-13.2.0-h57527a5_1.conda
  sha256: 3b075f15aba705d43870fdfde5a8d3f1adc9a045d575b4665726afe244149a64
  md5: 13ca786286ed5efc9dc75f64b5101210
  depends:
  - cctools_osx-arm64
  - clang
  - clang_osx-arm64
  - gfortran_impl_osx-arm64 13.2.0
  - ld64_osx-arm64
  - libgfortran 5.*
  - libgfortran-devel_osx-arm64 13.2.0
  - libgfortran5 >=13.2.0
  license: GPL-3.0-or-later WITH GCC-exception-3.1
  license_family: GPL
  size: 35260
  timestamp: 1694179424284
- conda: https://conda.anaconda.org/conda-forge/osx-arm64/gmp-6.3.0-h7bae524_2.conda
  sha256: 76e222e072d61c840f64a44e0580c2503562b009090f55aa45053bf1ccb385dd
  md5: eed7278dfbab727b56f2c0b64330814b
  depends:
  - __osx >=11.0
  - libcxx >=16
  license: GPL-2.0-or-later OR LGPL-3.0-or-later
  size: 365188
  timestamp: 1718981343258
- conda: https://conda.anaconda.org/conda-forge/osx-arm64/icu-75.1-hfee45f7_0.conda
  sha256: 9ba12c93406f3df5ab0a43db8a4b4ef67a5871dfd401010fbe29b218b2cbe620
  md5: 5eb22c1d7b3fc4abb50d92d621583137
  depends:
  - __osx >=11.0
  license: MIT
  license_family: MIT
  size: 11857802
  timestamp: 1720853997952
- conda: https://conda.anaconda.org/conda-forge/osx-arm64/isl-0.26-imath32_h347afa1_101.conda
  sha256: fc9272371750c56908b8e535755b1e23cf7803a2cc4a7d9ae539347baa14f740
  md5: e80e44a3f4862b1da870dc0557f8cf3b
  depends:
  - libcxx >=14.0.6
  track_features:
  - isl_imath-32
  license: MIT
  license_family: MIT
  size: 819937
  timestamp: 1680649567633
- conda: https://conda.anaconda.org/conda-forge/osx-arm64/krb5-1.21.3-h237132a_0.conda
  sha256: 4442f957c3c77d69d9da3521268cad5d54c9033f1a73f99cde0a3658937b159b
  md5: c6dc8a0fdec13a0565936655c33069a1
  depends:
  - __osx >=11.0
  - libcxx >=16
  - libedit >=3.1.20191231,<3.2.0a0
  - libedit >=3.1.20191231,<4.0a0
  - openssl >=3.3.1,<4.0a0
  license: MIT
  license_family: MIT
  size: 1155530
  timestamp: 1719463474401
- conda: https://conda.anaconda.org/conda-forge/osx-arm64/ld64-951.9-h39a299f_2.conda
  sha256: 041d712eadca1911fac7112171db5c5c2e478c75b65ae4663005c49b77c65a45
  md5: caf11d8b84c7dd198309056dbd457b86
  depends:
  - ld64_osx-arm64 951.9 h3f9b568_2
  - libllvm17 >=17.0.6,<17.1.0a0
  constrains:
  - cctools 1010.6.*
  - cctools_osx-arm64 1010.6.*
  license: APSL-2.0
  license_family: Other
  size: 18503
  timestamp: 1732552594547
- conda: https://conda.anaconda.org/conda-forge/osx-arm64/ld64_osx-arm64-951.9-h3f9b568_2.conda
  sha256: c67453a58870ce19b6acaa1d0db2c49848b7584c062d969f5d06c82ebd1454ef
  md5: 68841f5b5956607ea9760cafa14271c5
  depends:
  - __osx >=11.0
  - libcxx
  - libllvm17 >=17.0.6,<17.1.0a0
  - sigtool
  - tapi >=1300.6.5,<1301.0a0
  constrains:
  - cctools 1010.6.*
  - cctools_osx-arm64 1010.6.*
  - clang >=17.0.6,<18.0a0
  - ld 951.9.*
  license: APSL-2.0
  license_family: Other
  size: 1017788
  timestamp: 1732552505749
- conda: https://conda.anaconda.org/conda-forge/osx-arm64/libclang-cpp17-17.0.6-default_h146c034_7.conda
  sha256: 2e338629ae19faae0d1a85543b8c84441ead61957cf69a65c0031d5b18ebac08
  md5: bc6797a6a66ec6f919cc8d4d9285b11c
  depends:
  - __osx >=11.0
  - libcxx >=17.0.6
  - libllvm17 >=17.0.6,<17.1.0a0
  license: Apache-2.0 WITH LLVM-exception
  license_family: Apache
  size: 12408943
  timestamp: 1725505311206
- conda: https://conda.anaconda.org/conda-forge/osx-arm64/libcurl-8.11.1-h73640d1_0.conda
  sha256: f47c35938144c23278987c7d12096f6a42d7c850ffc277222b032073412383b6
  md5: 46d7524cabfdd199bffe63f8f19a552b
  depends:
  - __osx >=11.0
  - krb5 >=1.21.3,<1.22.0a0
  - libnghttp2 >=1.64.0,<2.0a0
  - libssh2 >=1.11.1,<2.0a0
  - libzlib >=1.3.1,<2.0a0
  - openssl >=3.4.0,<4.0a0
  - zstd >=1.5.6,<1.6.0a0
  license: curl
  license_family: MIT
  size: 385098
  timestamp: 1734000160270
- conda: https://conda.anaconda.org/conda-forge/osx-arm64/libcxx-19.1.6-ha82da77_1.conda
  sha256: 2b2443404503cd862385fd2f2a2c73f9624686fd1e5a45050b4034cfc06904ec
  md5: ce5252d8db110cdb4ae4173d0a63c7c5
  depends:
  - __osx >=11.0
  license: Apache-2.0 WITH LLVM-exception
  license_family: Apache
  size: 520992
  timestamp: 1734494699681
- conda: https://conda.anaconda.org/conda-forge/osx-arm64/libcxx-devel-17.0.6-h86353a2_6.conda
  sha256: 914cc589f356dfc64ddc4f0dc305fce401356b688730b62e24b4f52358595a58
  md5: 555639d6c7a4c6838cec6e50453fea43
  depends:
  - libcxx >=17.0.6
  license: Apache-2.0 WITH LLVM-exception
  license_family: Apache
  size: 820887
  timestamp: 1725403726157
- conda: https://conda.anaconda.org/conda-forge/osx-arm64/libedit-3.1.20191231-hc8eb9b7_2.tar.bz2
  sha256: 3912636197933ecfe4692634119e8644904b41a58f30cad9d1fc02f6ba4d9fca
  md5: 30e4362988a2623e9eb34337b83e01f9
  depends:
  - ncurses >=6.2,<7.0.0a0
  license: BSD-2-Clause
  license_family: BSD
  size: 96607
  timestamp: 1597616630749
- conda: https://conda.anaconda.org/conda-forge/osx-arm64/libev-4.33-h93a5062_2.conda
  sha256: 95cecb3902fbe0399c3a7e67a5bed1db813e5ab0e22f4023a5e0f722f2cc214f
  md5: 36d33e440c31857372a72137f78bacf5
  license: BSD-2-Clause
  license_family: BSD
  size: 107458
  timestamp: 1702146414478
- conda: https://conda.anaconda.org/conda-forge/osx-arm64/libexpat-2.6.4-h286801f_0.conda
  sha256: e42ab5ace927ee7c84e3f0f7d813671e1cf3529f5f06ee5899606630498c2745
  md5: 38d2656dd914feb0cab8c629370768bf
  depends:
  - __osx >=11.0
  constrains:
  - expat 2.6.4.*
  license: MIT
  license_family: MIT
  size: 64693
  timestamp: 1730967175868
- conda: https://conda.anaconda.org/conda-forge/osx-arm64/libgfortran-5.0.0-13_2_0_hd922786_3.conda
  sha256: 44e541b4821c96b28b27fef5630883a60ce4fee91fd9c79f25a199f8f73f337b
  md5: 4a55d9e169114b2b90d3ec4604cd7bbf
  depends:
  - libgfortran5 13.2.0 hf226fd6_3
  license: GPL-3.0-only WITH GCC-exception-3.1
  license_family: GPL
  size: 110233
  timestamp: 1707330749033
- conda: https://conda.anaconda.org/conda-forge/noarch/libgfortran-devel_osx-arm64-13.2.0-h5d7a38c_3.conda
  sha256: 932daa12d7af965db25cd08485031ca857a91886c80d56b02365d4636729362b
  md5: 54386854330df39e779228c7922379a5
  license: GPL-3.0-only WITH GCC-exception-3.1
  license_family: GPL
  size: 1964427
  timestamp: 1707330674197
- conda: https://conda.anaconda.org/conda-forge/osx-arm64/libgfortran5-13.2.0-hf226fd6_3.conda
  sha256: bafc679eedb468a86aa4636061c55966186399ee0a04b605920d208d97ac579a
  md5: 66ac81d54e95c534ae488726c1f698ea
  depends:
  - llvm-openmp >=8.0.0
  constrains:
  - libgfortran 5.0.0 13_2_0_*_3
  license: GPL-3.0-only WITH GCC-exception-3.1
  license_family: GPL
  size: 997381
  timestamp: 1707330687590
- conda: https://conda.anaconda.org/conda-forge/osx-arm64/libiconv-1.17-h0d3ecfb_2.conda
  sha256: bc7de5097b97bcafcf7deaaed505f7ce02f648aac8eccc0d5a47cc599a1d0304
  md5: 69bda57310071cf6d2b86caf11573d2d
  license: LGPL-2.1-only
  size: 676469
  timestamp: 1702682458114
- conda: https://conda.anaconda.org/conda-forge/osx-arm64/libllvm17-17.0.6-h5090b49_2.conda
  sha256: 5829e490e395d85442fb6c7edb0ec18d1a5bb1bc529919a89337d34235205064
  md5: 443b26505722696a9535732bc2a07576
  depends:
  - __osx >=11.0
  - libcxx >=16
  - libxml2 >=2.12.7,<3.0a0
  - libzlib >=1.3.1,<2.0a0
  - zstd >=1.5.6,<1.6.0a0
  license: Apache-2.0 WITH LLVM-exception
  license_family: Apache
  size: 24612870
  timestamp: 1718320971519
- conda: https://conda.anaconda.org/conda-forge/osx-arm64/liblzma-5.6.3-h39f12f2_1.conda
  sha256: d863b8257406918ffdc50ae65502f2b2d6cede29404d09a094f59509d6a0aaf1
  md5: b2553114a7f5e20ccd02378a77d836aa
  depends:
  - __osx >=11.0
  license: 0BSD
  size: 99129
  timestamp: 1733407496073
- conda: https://conda.anaconda.org/conda-forge/osx-arm64/libnghttp2-1.64.0-h6d7220d_0.conda
  sha256: 00cc685824f39f51be5233b54e19f45abd60de5d8847f1a56906f8936648b72f
  md5: 3408c02539cee5f1141f9f11450b6a51
  depends:
  - __osx >=11.0
  - c-ares >=1.34.2,<2.0a0
  - libcxx >=17
  - libev >=4.33,<4.34.0a0
  - libev >=4.33,<5.0a0
  - libzlib >=1.3.1,<2.0a0
  - openssl >=3.3.2,<4.0a0
  license: MIT
  license_family: MIT
  size: 566719
  timestamp: 1729572385640
- conda: https://conda.anaconda.org/conda-forge/osx-arm64/libssh2-1.11.1-h9cc3647_0.conda
  sha256: f7047c6ed44bcaeb04432e8c74da87591940d091b0a3940c0d884b7faa8062e9
  md5: ddc7194676c285513706e5fc64f214d7
  depends:
  - libzlib >=1.3.1,<2.0a0
  - openssl >=3.4.0,<4.0a0
  license: BSD-3-Clause
  license_family: BSD
  size: 279028
  timestamp: 1732349599461
- conda: https://conda.anaconda.org/conda-forge/osx-arm64/libuv-1.49.2-h7ab814d_0.conda
  sha256: 0e5176af1e788ad5006cf261c4ea5a288a935fda48993b0240ddd2e562dc3d02
  md5: 4bc348e3a1a74d20a3f9beb866d75e0a
  depends:
  - __osx >=11.0
  license: MIT
  license_family: MIT
  size: 410500
  timestamp: 1729322654121
- conda: https://conda.anaconda.org/conda-forge/osx-arm64/libxml2-2.13.5-h178c5d8_1.conda
  sha256: d7af3f25a4cece170502acd38f2dafbea4521f373f46dcb28a37fbe6ac2da544
  md5: 3dc3cff0eca1640a6acbbfab2f78139e
  depends:
  - __osx >=11.0
  - icu >=75.1,<76.0a0
  - libiconv >=1.17,<2.0a0
  - liblzma >=5.6.3,<6.0a0
  - libzlib >=1.3.1,<2.0a0
  license: MIT
  license_family: MIT
  size: 582898
  timestamp: 1733443841584
- conda: https://conda.anaconda.org/conda-forge/osx-arm64/libzlib-1.3.1-h8359307_2.conda
  sha256: ce34669eadaba351cd54910743e6a2261b67009624dbc7daeeafdef93616711b
  md5: 369964e85dc26bfe78f41399b366c435
  depends:
  - __osx >=11.0
  constrains:
  - zlib 1.3.1 *_2
  license: Zlib
  license_family: Other
  size: 46438
  timestamp: 1727963202283
- conda: https://conda.anaconda.org/conda-forge/osx-arm64/llvm-openmp-19.1.6-hdb05f8b_0.conda
  sha256: a0f3e9139ab16f0a67b9d2bbabc15b78977168f4a5b5503fed4962dcb9a96102
  md5: 34fdeffa0555a1a56f38839415cc066c
  depends:
  - __osx >=11.0
  constrains:
  - openmp 19.1.6|19.1.6.*
  license: Apache-2.0 WITH LLVM-exception
  license_family: APACHE
  size: 281251
  timestamp: 1734520462311
- conda: https://conda.anaconda.org/conda-forge/osx-arm64/llvm-tools-17.0.6-h5090b49_2.conda
  sha256: a8011fffc1ab3b49f2027fbdba0887e90a2d288240484a4ba4c1b80617522541
  md5: df635fb4c27fc012c0caf53adf61f043
  depends:
  - __osx >=11.0
  - libllvm17 17.0.6 h5090b49_2
  - libxml2 >=2.12.7,<3.0a0
  - libzlib >=1.3.1,<2.0a0
  - zstd >=1.5.6,<1.6.0a0
  constrains:
  - clang-tools 17.0.6
  - llvm        17.0.6
  - llvmdev     17.0.6
  - clang       17.0.6
  license: Apache-2.0 WITH LLVM-exception
  license_family: Apache
  size: 21864486
  timestamp: 1718321368877
- conda: https://conda.anaconda.org/conda-forge/osx-arm64/mpc-1.3.1-h8f1351a_1.conda
  sha256: 2700899ad03302a1751dbf2bca135407e470dd83ac897ab91dd8675d4300f158
  md5: a5635df796b71f6ca400fc7026f50701
  depends:
  - __osx >=11.0
  - gmp >=6.3.0,<7.0a0
  - mpfr >=4.2.1,<5.0a0
  license: LGPL-3.0-or-later
  license_family: LGPL
  size: 104766
  timestamp: 1725629165420
- conda: https://conda.anaconda.org/conda-forge/osx-arm64/mpfr-4.2.1-hb693164_3.conda
  sha256: 4463e4e2aba7668e37a1b8532859191b4477a6f3602a5d6b4d64ad4c4baaeac5
  md5: 4e4ea852d54cc2b869842de5044662fb
  depends:
  - __osx >=11.0
  - gmp >=6.3.0,<7.0a0
  license: LGPL-3.0-only
  license_family: LGPL
  size: 345517
  timestamp: 1725746730583
- conda: https://conda.anaconda.org/conda-forge/osx-arm64/ncurses-6.5-h7bae524_1.conda
  sha256: 27d0b9ff78ad46e1f3a6c96c479ab44beda5f96def88e2fe626e0a49429d8afc
  md5: cb2b0ea909b97b3d70cd3921d1445e1a
  depends:
  - __osx >=11.0
  license: X11 AND BSD-3-Clause
  size: 802321
  timestamp: 1724658775723
- conda: https://conda.anaconda.org/conda-forge/osx-arm64/openssl-3.4.0-h81ee809_1.conda
  sha256: 97772762abc70b3a537683ca9fc3ff3d6099eb64e4aba3b9c99e6fce48422d21
  md5: 22f971393637480bda8c679f374d8861
  depends:
  - __osx >=11.0
  - ca-certificates
  license: Apache-2.0
  license_family: Apache
  size: 2936415
  timestamp: 1736086108693
- conda: https://conda.anaconda.org/conda-forge/osx-arm64/rhash-1.4.5-h7ab814d_0.conda
  sha256: e6a3e9dbfcb5ad5d69a20c8ac237d37a282a95983314a28912fc54208c5db391
  md5: 352b210f81798ae1e2f25a98ef4b3b54
  depends:
  - __osx >=11.0
  license: MIT
  license_family: MIT
  size: 177240
  timestamp: 1728886815751
- conda: https://conda.anaconda.org/conda-forge/osx-arm64/sigtool-0.1.3-h44b9a77_0.tar.bz2
  sha256: 70791ae00a3756830cb50451db55f63e2a42a2fa2a8f1bab1ebd36bbb7d55bff
  md5: 4a2cac04f86a4540b8c9b8d8f597848f
  depends:
  - openssl >=3.0.0,<4.0a0
  license: MIT
  license_family: MIT
  size: 210264
  timestamp: 1643442231687
- conda: https://conda.anaconda.org/conda-forge/osx-arm64/tapi-1300.6.5-h03f4b80_0.conda
  sha256: 37cd4f62ec023df8a6c6f9f6ffddde3d6620a83cbcab170a8fff31ef944402e5
  md5: b703bc3e6cba5943acf0e5f987b5d0e2
  depends:
  - __osx >=11.0
  - libcxx >=17.0.0.a0
  - ncurses >=6.5,<7.0a0
  license: NCSA
  license_family: MIT
  size: 207679
  timestamp: 1725491499758
- conda: https://conda.anaconda.org/conda-forge/osx-arm64/zlib-1.3.1-h8359307_2.conda
  sha256: 58f8860756680a4831c1bf4f294e2354d187f2e999791d53b1941834c4b37430
  md5: e3170d898ca6cb48f1bb567afb92f775
  depends:
  - __osx >=11.0
  - libzlib 1.3.1 h8359307_2
  license: Zlib
  license_family: Other
  size: 77606
  timestamp: 1727963209370
- conda: https://conda.anaconda.org/conda-forge/osx-arm64/zstd-1.5.6-hb46c0d2_0.conda
  sha256: 2d4fd1ff7ee79cd954ca8e81abf11d9d49954dd1fef80f27289e2402ae9c2e09
  md5: d96942c06c3e84bfcc5efb038724a7fd
  depends:
  - __osx >=11.0
  - libzlib >=1.2.13,<2.0.0a0
  license: BSD-3-Clause
  license_family: BSD
  size: 405089
  timestamp: 1714723101397
